
Microsoft Visual Studio Solution File, Format Version 12.00
# Visual Studio Version 16
VisualStudioVersion = 16.0.31729.503
MinimumVisualStudioVersion = 10.0.40219.1
Project("{FAE04EC0-301F-11D3-BF4B-00C04F79EFBC}") = "CV-project", "CV-project.csproj", "{075F10BF-DAEB-4C00-90E4-D2129D38F420}"
EndProject
Global
	GlobalSection(SolutionConfigurationPlatforms) = preSolution
		Debug|Any CPU = Debug|Any CPU
		Release|Any CPU = Release|Any CPU
	EndGlobalSection
	GlobalSection(ProjectConfigurationPlatforms) = postSolution
		{075F10BF-DAEB-4C00-90E4-D2129D38F420}.Debug|Any CPU.ActiveCfg = Debug|Any CPU
		{075F10BF-DAEB-4C00-90E4-D2129D38F420}.Debug|Any CPU.Build.0 = Debug|Any CPU
		{075F10BF-DAEB-4C00-90E4-D2129D38F420}.Release|Any CPU.ActiveCfg = Release|Any CPU
		{075F10BF-DAEB-4C00-90E4-D2129D38F420}.Release|Any CPU.Build.0 = Release|Any CPU
	EndGlobalSection
	GlobalSection(SolutionProperties) = preSolution
		HideSolutionNode = FALSE
	EndGlobalSection
	GlobalSection(ExtensibilityGlobals) = postSolution
		SolutionGuid = {384310A4-CDF5-4342-9233-C799BAD8D594}
	EndGlobalSection
EndGlobal
